
Microsoft Visual Studio Solution File, Format Version 12.00
# Visual Studio 15
VisualStudioVersion = 15.0.27130.2036
MinimumVisualStudioVersion = 10.0.40219.1
Project("{FAE04EC0-301F-11D3-BF4B-00C04F79EFBC}") = "Monopoly", "Monopoly\Monopoly.csproj", "{01955D24-CE21-47E5-AA63-1764F202E761}"
EndProject
Project("{FAE04EC0-301F-11D3-BF4B-00C04F79EFBC}") = "Test", "Test\Test.csproj", "{BA5AE23D-4248-41A5-A823-F7C851BDB4E3}"
EndProject
Project("{FAE04EC0-301F-11D3-BF4B-00C04F79EFBC}") = "MonopolyConsoleApp", "MonopolyConsoleApp\MonopolyConsoleApp.csproj", "{D47D869C-5BD6-4E3D-B11B-1F3D0A749831}"
EndProject
Global
	GlobalSection(SolutionConfigurationPlatforms) = preSolution
		Debug|Any CPU = Debug|Any CPU
		Release|Any CPU = Release|Any CPU
	EndGlobalSection
	GlobalSection(ProjectConfigurationPlatforms) = postSolution
		{01955D24-CE21-47E5-AA63-1764F202E761}.Debug|Any CPU.ActiveCfg = Debug|Any CPU
		{01955D24-CE21-47E5-AA63-1764F202E761}.Debug|Any CPU.Build.0 = Debug|Any CPU
		{01955D24-CE21-47E5-AA63-1764F202E761}.Release|Any CPU.ActiveCfg = Release|Any CPU
		{01955D24-CE21-47E5-AA63-1764F202E761}.Release|Any CPU.Build.0 = Release|Any CPU
		{BA5AE23D-4248-41A5-A823-F7C851BDB4E3}.Debug|Any CPU.ActiveCfg = Debug|Any CPU
		{BA5AE23D-4248-41A5-A823-F7C851BDB4E3}.Debug|Any CPU.Build.0 = Debug|Any CPU
		{BA5AE23D-4248-41A5-A823-F7C851BDB4E3}.Release|Any CPU.ActiveCfg = Release|Any CPU
		{BA5AE23D-4248-41A5-A823-F7C851BDB4E3}.Release|Any CPU.Build.0 = Release|Any CPU
		{D47D869C-5BD6-4E3D-B11B-1F3D0A749831}.Debug|Any CPU.ActiveCfg = Debug|Any CPU
		{D47D869C-5BD6-4E3D-B11B-1F3D0A749831}.Debug|Any CPU.Build.0 = Debug|Any CPU
		{D47D869C-5BD6-4E3D-B11B-1F3D0A749831}.Release|Any CPU.ActiveCfg = Release|Any CPU
		{D47D869C-5BD6-4E3D-B11B-1F3D0A749831}.Release|Any CPU.Build.0 = Release|Any CPU
	EndGlobalSection
	GlobalSection(SolutionProperties) = preSolution
		HideSolutionNode = FALSE
	EndGlobalSection
	GlobalSection(ExtensibilityGlobals) = postSolution
		SolutionGuid = {B0FFCFCE-434B-4479-A730-30D67AC3F2C3}
	EndGlobalSection
EndGlobal
